
Microsoft Visual Studio Solution File, Format Version 12.00
# Visual Studio Version 16
VisualStudioVersion = 16.0.29926.136
MinimumVisualStudioVersion = 10.0.40219.1
Project("{9A19103F-16F7-4668-BE54-9A1E7A4F7556}") = "Entity", "Entity\Entity.csproj", "{454B3335-E558-4EB8-842E-F2A593F493C1}"
EndProject
Project("{9A19103F-16F7-4668-BE54-9A1E7A4F7556}") = "Core", "Core\Core.csproj", "{03746AC3-1321-41D4-A21C-62B8971D7F14}"
EndProject
Project("{FAE04EC0-301F-11D3-BF4B-00C04F79EFBC}") = "DataAccess", "DataAccess\DataAccess.csproj", "{5627C822-6BAF-4225-BE18-A63E78D10DF8}"
EndProject
Global
	GlobalSection(SolutionConfigurationPlatforms) = preSolution
		Debug|Any CPU = Debug|Any CPU
		Release|Any CPU = Release|Any CPU
	EndGlobalSection
	GlobalSection(ProjectConfigurationPlatforms) = postSolution
		{454B3335-E558-4EB8-842E-F2A593F493C1}.Debug|Any CPU.ActiveCfg = Debug|Any CPU
		{454B3335-E558-4EB8-842E-F2A593F493C1}.Debug|Any CPU.Build.0 = Debug|Any CPU
		{454B3335-E558-4EB8-842E-F2A593F493C1}.Release|Any CPU.ActiveCfg = Release|Any CPU
		{454B3335-E558-4EB8-842E-F2A593F493C1}.Release|Any CPU.Build.0 = Release|Any CPU
		{03746AC3-1321-41D4-A21C-62B8971D7F14}.Debug|Any CPU.ActiveCfg = Debug|Any CPU
		{03746AC3-1321-41D4-A21C-62B8971D7F14}.Debug|Any CPU.Build.0 = Debug|Any CPU
		{03746AC3-1321-41D4-A21C-62B8971D7F14}.Release|Any CPU.ActiveCfg = Release|Any CPU
		{03746AC3-1321-41D4-A21C-62B8971D7F14}.Release|Any CPU.Build.0 = Release|Any CPU
		{5627C822-6BAF-4225-BE18-A63E78D10DF8}.Debug|Any CPU.ActiveCfg = Debug|Any CPU
		{5627C822-6BAF-4225-BE18-A63E78D10DF8}.Debug|Any CPU.Build.0 = Debug|Any CPU
		{5627C822-6BAF-4225-BE18-A63E78D10DF8}.Release|Any CPU.ActiveCfg = Release|Any CPU
		{5627C822-6BAF-4225-BE18-A63E78D10DF8}.Release|Any CPU.Build.0 = Release|Any CPU
	EndGlobalSection
	GlobalSection(SolutionProperties) = preSolution
		HideSolutionNode = FALSE
	EndGlobalSection
	GlobalSection(ExtensibilityGlobals) = postSolution
		SolutionGuid = {4C053A5C-A4E1-41A9-A325-2D9CDA94A680}
	EndGlobalSection
EndGlobal
